
Microsoft Visual Studio Solution File, Format Version 12.00
# Visual Studio Version 16
VisualStudioVersion = 16.0.31613.86
MinimumVisualStudioVersion = 10.0.40219.1
Project("{FAE04EC0-301F-11D3-BF4B-00C04F79EFBC}") = "MyCoreApp", "MyCoreApp.csproj", "{4D989044-2A8E-4B87-9B34-F7CFA440B1E7}"
EndProject
Global
	GlobalSection(SolutionConfigurationPlatforms) = preSolution
		Debug|Any CPU = Debug|Any CPU
		Release|Any CPU = Release|Any CPU
	EndGlobalSection
	GlobalSection(ProjectConfigurationPlatforms) = postSolution
		{4D989044-2A8E-4B87-9B34-F7CFA440B1E7}.Debug|Any CPU.ActiveCfg = Debug|Any CPU
		{4D989044-2A8E-4B87-9B34-F7CFA440B1E7}.Debug|Any CPU.Build.0 = Debug|Any CPU
		{4D989044-2A8E-4B87-9B34-F7CFA440B1E7}.Release|Any CPU.ActiveCfg = Release|Any CPU
		{4D989044-2A8E-4B87-9B34-F7CFA440B1E7}.Release|Any CPU.Build.0 = Release|Any CPU
	EndGlobalSection
	GlobalSection(SolutionProperties) = preSolution
		HideSolutionNode = FALSE
	EndGlobalSection
	GlobalSection(ExtensibilityGlobals) = postSolution
		SolutionGuid = {241B5753-A53A-4F12-8051-344AE2306563}
	EndGlobalSection
EndGlobal
